
Microsoft Visual Studio Solution File, Format Version 12.00
# Visual Studio 15
VisualStudioVersion = 15.0.28307.168
MinimumVisualStudioVersion = 10.0.40219.1
Project("{FAE04EC0-301F-11D3-BF4B-00C04F79EFBC}") = "shamirsSecretSharing", "shamirsSecretSharing.csproj", "{A64CC554-9C8A-4846-B90B-6C155AAE3233}"
EndProject
Global
	GlobalSection(SolutionConfigurationPlatforms) = preSolution
		Debug|Any CPU = Debug|Any CPU
		Release|Any CPU = Release|Any CPU
	EndGlobalSection
	GlobalSection(ProjectConfigurationPlatforms) = postSolution
		{A64CC554-9C8A-4846-B90B-6C155AAE3233}.Debug|Any CPU.ActiveCfg = Debug|Any CPU
		{A64CC554-9C8A-4846-B90B-6C155AAE3233}.Debug|Any CPU.Build.0 = Debug|Any CPU
		{A64CC554-9C8A-4846-B90B-6C155AAE3233}.Release|Any CPU.ActiveCfg = Release|Any CPU
		{A64CC554-9C8A-4846-B90B-6C155AAE3233}.Release|Any CPU.Build.0 = Release|Any CPU
	EndGlobalSection
	GlobalSection(SolutionProperties) = preSolution
		HideSolutionNode = FALSE
	EndGlobalSection
	GlobalSection(ExtensibilityGlobals) = postSolution
		SolutionGuid = {314CB0D8-8194-4E89-A6FC-B806280BE996}
	EndGlobalSection
EndGlobal
